// !$*UTF8*$!
{
	archiveVersion = 1;
	classes = {
	};
	objectVersion = 55;
	objects = {

/* Begin PBXBuildFile section */
		843DF0BB293CCE9400BA49B6 /* AppDelegate.swift in Sources */ = {isa = PBXBuildFile; fileRef = 843DF0BA293CCE9400BA49B6 /* AppDelegate.swift */; };
		843DF0BD293CCE9400BA49B6 /* SceneDelegate.swift in Sources */ = {isa = PBXBuildFile; fileRef = 843DF0BC293CCE9400BA49B6 /* SceneDelegate.swift */; };
		843DF0C4293CCE9600BA49B6 /* Assets.xcassets in Resources */ = {isa = PBXBuildFile; fileRef = 843DF0C3293CCE9600BA49B6 /* Assets.xcassets */; };
		843DF0C7293CCE9600BA49B6 /* LaunchScreen.storyboard in Resources */ = {isa = PBXBuildFile; fileRef = 843DF0C5293CCE9600BA49B6 /* LaunchScreen.storyboard */; };
		843DF0D2293CCE9600BA49B6 /* TableViewMVVMCTests.swift in Sources */ = {isa = PBXBuildFile; fileRef = 843DF0D1293CCE9600BA49B6 /* TableViewMVVMCTests.swift */; };
		843DF0DC293CCE9600BA49B6 /* TableViewMVVMCUITests.swift in Sources */ = {isa = PBXBuildFile; fileRef = 843DF0DB293CCE9600BA49B6 /* TableViewMVVMCUITests.swift */; };
		843DF0DE293CCE9600BA49B6 /* TableViewMVVMCUITestsLaunchTests.swift in Sources */ = {isa = PBXBuildFile; fileRef = 843DF0DD293CCE9600BA49B6 /* TableViewMVVMCUITestsLaunchTests.swift */; };
		843DF0F4293CD1E600BA49B6 /* ViewCodeProtocol.swift in Sources */ = {isa = PBXBuildFile; fileRef = 843DF0F3293CD1E600BA49B6 /* ViewCodeProtocol.swift */; };
		843DF0F6293CD21F00BA49B6 /* CoordinatorProtocol.swift in Sources */ = {isa = PBXBuildFile; fileRef = 843DF0F5293CD21F00BA49B6 /* CoordinatorProtocol.swift */; };
		843DF0F8293CD24A00BA49B6 /* NewsServiceProtocol.swift in Sources */ = {isa = PBXBuildFile; fileRef = 843DF0F7293CD24A00BA49B6 /* NewsServiceProtocol.swift */; };
		843DF0FA293CD28400BA49B6 /* MainCoordinator.swift in Sources */ = {isa = PBXBuildFile; fileRef = 843DF0F9293CD28400BA49B6 /* MainCoordinator.swift */; };
		843DF0FC293CD2B900BA49B6 /* NewsService.swift in Sources */ = {isa = PBXBuildFile; fileRef = 843DF0FB293CD2B900BA49B6 /* NewsService.swift */; };
		843DF0FE293CD2ED00BA49B6 /* HomeConstants.swift in Sources */ = {isa = PBXBuildFile; fileRef = 843DF0FD293CD2ED00BA49B6 /* HomeConstants.swift */; };
		843DF100293CD30D00BA49B6 /* NewsServiceError.swift in Sources */ = {isa = PBXBuildFile; fileRef = 843DF0FF293CD30D00BA49B6 /* NewsServiceError.swift */; };
		843DF102293CD32E00BA49B6 /* NewsModel.swift in Sources */ = {isa = PBXBuildFile; fileRef = 843DF101293CD32E00BA49B6 /* NewsModel.swift */; };
		843DF104293CD36C00BA49B6 /* HomeViewModel.swift in Sources */ = {isa = PBXBuildFile; fileRef = 843DF103293CD36C00BA49B6 /* HomeViewModel.swift */; };
		843DF106293CD39100BA49B6 /* HomeView.swift in Sources */ = {isa = PBXBuildFile; fileRef = 843DF105293CD39100BA49B6 /* HomeView.swift */; };
		843DF108293CD3BD00BA49B6 /* HomeViewController.swift in Sources */ = {isa = PBXBuildFile; fileRef = 843DF107293CD3BD00BA49B6 /* HomeViewController.swift */; };
		843DF10A293CDB5C00BA49B6 /* NewsCell.swift in Sources */ = {isa = PBXBuildFile; fileRef = 843DF109293CDB5C00BA49B6 /* NewsCell.swift */; };
		843DF10C293CDC5600BA49B6 /* PostViewModel.swift in Sources */ = {isa = PBXBuildFile; fileRef = 843DF10B293CDC5600BA49B6 /* PostViewModel.swift */; };
		843DF10E293CE85F00BA49B6 /* NewsServiceTests.swift in Sources */ = {isa = PBXBuildFile; fileRef = 843DF10D293CE85F00BA49B6 /* NewsServiceTests.swift */; };
		843DF112293CE8A200BA49B6 /* MockURLProtocol.swift in Sources */ = {isa = PBXBuildFile; fileRef = 843DF111293CE8A200BA49B6 /* MockURLProtocol.swift */; };
		843DF118293CE9E100BA49B6 /* NewsJsonMock.json in Resources */ = {isa = PBXBuildFile; fileRef = 843DF117293CE9E100BA49B6 /* NewsJsonMock.json */; };
		843DF119293CED8000BA49B6 /* NewsJsonMock.json in Resources */ = {isa = PBXBuildFile; fileRef = 843DF117293CE9E100BA49B6 /* NewsJsonMock.json */; };
/* End PBXBuildFile section */

/* Begin PBXContainerItemProxy section */
		843DF0CE293CCE9600BA49B6 /* PBXContainerItemProxy */ = {
			isa = PBXContainerItemProxy;
			containerPortal = 843DF0AF293CCE9400BA49B6 /* Project object */;
			proxyType = 1;
			remoteGlobalIDString = 843DF0B6293CCE9400BA49B6;
			remoteInfo = TableViewMVVMC;
		};
		843DF0D8293CCE9600BA49B6 /* PBXContainerItemProxy */ = {
			isa = PBXContainerItemProxy;
			containerPortal = 843DF0AF293CCE9400BA49B6 /* Project object */;
			proxyType = 1;
			remoteGlobalIDString = 843DF0B6293CCE9400BA49B6;
			remoteInfo = TableViewMVVMC;
		};
/* End PBXContainerItemProxy section */

/* Begin PBXFileReference section */
		843DF0B7293CCE9400BA49B6 /* TableViewMVVMC.app */ = {isa = PBXFileReference; explicitFileType = wrapper.application; includeInIndex = 0; path = TableViewMVVMC.app; sourceTree = BUILT_PRODUCTS_DIR; };
		843DF0BA293CCE9400BA49B6 /* AppDelegate.swift */ = {isa = PBXFileReference; lastKnownFileType = sourcecode.swift; path = AppDelegate.swift; sourceTree = "<group>"; };
		843DF0BC293CCE9400BA49B6 /* SceneDelegate.swift */ = {isa = PBXFileReference; lastKnownFileType = sourcecode.swift; path = SceneDelegate.swift; sourceTree = "<group>"; };
		843DF0C3293CCE9600BA49B6 /* Assets.xcassets */ = {isa = PBXFileReference; lastKnownFileType = folder.assetcatalog; path = Assets.xcassets; sourceTree = "<group>"; };
		843DF0C6293CCE9600BA49B6 /* Base */ = {isa = PBXFileReference; lastKnownFileType = file.storyboard; name = Base; path = Base.lproj/LaunchScreen.storyboard; sourceTree = "<group>"; };
		843DF0C8293CCE9600BA49B6 /* Info.plist */ = {isa = PBXFileReference; lastKnownFileType = text.plist.xml; path = Info.plist; sourceTree = "<group>"; };
		843DF0CD293CCE9600BA49B6 /* TableViewMVVMCTests.xctest */ = {isa = PBXFileReference; explicitFileType = wrapper.cfbundle; includeInIndex = 0; path = TableViewMVVMCTests.xctest; sourceTree = BUILT_PRODUCTS_DIR; };
		843DF0D1293CCE9600BA49B6 /* TableViewMVVMCTests.swift */ = {isa = PBXFileReference; lastKnownFileType = sourcecode.swift; path = TableViewMVVMCTests.swift; sourceTree = "<group>"; };
		843DF0D7293CCE9600BA49B6 /* TableViewMVVMCUITests.xctest */ = {isa = PBXFileReference; explicitFileType = wrapper.cfbundle; includeInIndex = 0; path = TableViewMVVMCUITests.xctest; sourceTree = BUILT_PRODUCTS_DIR; };
		843DF0DB293CCE9600BA49B6 /* TableViewMVVMCUITests.swift */ = {isa = PBXFileReference; lastKnownFileType = sourcecode.swift; path = TableViewMVVMCUITests.swift; sourceTree = "<group>"; };
		843DF0DD293CCE9600BA49B6 /* TableViewMVVMCUITestsLaunchTests.swift */ = {isa = PBXFileReference; lastKnownFileType = sourcecode.swift; path = TableViewMVVMCUITestsLaunchTests.swift; sourceTree = "<group>"; };
		843DF0F3293CD1E600BA49B6 /* ViewCodeProtocol.swift */ = {isa = PBXFileReference; lastKnownFileType = sourcecode.swift; path = ViewCodeProtocol.swift; sourceTree = "<group>"; };
		843DF0F5293CD21F00BA49B6 /* CoordinatorProtocol.swift */ = {isa = PBXFileReference; lastKnownFileType = sourcecode.swift; path = CoordinatorProtocol.swift; sourceTree = "<group>"; };
		843DF0F7293CD24A00BA49B6 /* NewsServiceProtocol.swift */ = {isa = PBXFileReference; lastKnownFileType = sourcecode.swift; path = NewsServiceProtocol.swift; sourceTree = "<group>"; };
		843DF0F9293CD28400BA49B6 /* MainCoordinator.swift */ = {isa = PBXFileReference; lastKnownFileType = sourcecode.swift; path = MainCoordinator.swift; sourceTree = "<group>"; };
		843DF0FB293CD2B900BA49B6 /* NewsService.swift */ = {isa = PBXFileReference; lastKnownFileType = sourcecode.swift; path = NewsService.swift; sourceTree = "<group>"; };
		843DF0FD293CD2ED00BA49B6 /* HomeConstants.swift */ = {isa = PBXFileReference; lastKnownFileType = sourcecode.swift; path = HomeConstants.swift; sourceTree = "<group>"; };
		843DF0FF293CD30D00BA49B6 /* NewsServiceError.swift */ = {isa = PBXFileReference; lastKnownFileType = sourcecode.swift; path = NewsServiceError.swift; sourceTree = "<group>"; };
		843DF101293CD32E00BA49B6 /* NewsModel.swift */ = {isa = PBXFileReference; lastKnownFileType = sourcecode.swift; path = NewsModel.swift; sourceTree = "<group>"; };
		843DF103293CD36C00BA49B6 /* HomeViewModel.swift */ = {isa = PBXFileReference; lastKnownFileType = sourcecode.swift; path = HomeViewModel.swift; sourceTree = "<group>"; };
		843DF105293CD39100BA49B6 /* HomeView.swift */ = {isa = PBXFileReference; lastKnownFileType = sourcecode.swift; path = HomeView.swift; sourceTree = "<group>"; };
		843DF107293CD3BD00BA49B6 /* HomeViewController.swift */ = {isa = PBXFileReference; lastKnownFileType = sourcecode.swift; path = HomeViewController.swift; sourceTree = "<group>"; };
		843DF109293CDB5C00BA49B6 /* NewsCell.swift */ = {isa = PBXFileReference; lastKnownFileType = sourcecode.swift; path = NewsCell.swift; sourceTree = "<group>"; };
		843DF10B293CDC5600BA49B6 /* PostViewModel.swift */ = {isa = PBXFileReference; lastKnownFileType = sourcecode.swift; path = PostViewModel.swift; sourceTree = "<group>"; };
		843DF10D293CE85F00BA49B6 /* NewsServiceTests.swift */ = {isa = PBXFileReference; lastKnownFileType = sourcecode.swift; path = NewsServiceTests.swift; sourceTree = "<group>"; };
		843DF111293CE8A200BA49B6 /* MockURLProtocol.swift */ = {isa = PBXFileReference; lastKnownFileType = sourcecode.swift; path = MockURLProtocol.swift; sourceTree = "<group>"; };
		843DF117293CE9E100BA49B6 /* NewsJsonMock.json */ = {isa = PBXFileReference; lastKnownFileType = text.json; path = NewsJsonMock.json; sourceTree = "<group>"; };
/* End PBXFileReference section */

/* Begin PBXFrameworksBuildPhase section */
		843DF0B4293CCE9400BA49B6 /* Frameworks */ = {
			isa = PBXFrameworksBuildPhase;
			buildActionMask = 2147483647;
			files = (
			);
			runOnlyForDeploymentPostprocessing = 0;
		};
		843DF0CA293CCE9600BA49B6 /* Frameworks */ = {
			isa = PBXFrameworksBuildPhase;
			buildActionMask = 2147483647;
			files = (
			);
			runOnlyForDeploymentPostprocessing = 0;
		};
		843DF0D4293CCE9600BA49B6 /* Frameworks */ = {
			isa = PBXFrameworksBuildPhase;
			buildActionMask = 2147483647;
			files = (
			);
			runOnlyForDeploymentPostprocessing = 0;
		};
/* End PBXFrameworksBuildPhase section */

/* Begin PBXGroup section */
		843DF0AE293CCE9400BA49B6 = {
			isa = PBXGroup;
			children = (
				843DF0B9293CCE9400BA49B6 /* TableViewMVVMC */,
				843DF0D0293CCE9600BA49B6 /* TableViewMVVMCTests */,
				843DF0DA293CCE9600BA49B6 /* TableViewMVVMCUITests */,
				843DF0B8293CCE9400BA49B6 /* Products */,
			);
			sourceTree = "<group>";
		};
		843DF0B8293CCE9400BA49B6 /* Products */ = {
			isa = PBXGroup;
			children = (
				843DF0B7293CCE9400BA49B6 /* TableViewMVVMC.app */,
				843DF0CD293CCE9600BA49B6 /* TableViewMVVMCTests.xctest */,
				843DF0D7293CCE9600BA49B6 /* TableViewMVVMCUITests.xctest */,
			);
			name = Products;
			sourceTree = "<group>";
		};
		843DF0B9293CCE9400BA49B6 /* TableViewMVVMC */ = {
			isa = PBXGroup;
			children = (
				843DF0EA293CD08B00BA49B6 /* Coordinators */,
				843DF0EF293CD0BC00BA49B6 /* Protocols */,
				843DF0F1293CD0FD00BA49B6 /* Constants */,
				843DF0F2293CD17B00BA49B6 /* Home */,
				843DF0BA293CCE9400BA49B6 /* AppDelegate.swift */,
				843DF0BC293CCE9400BA49B6 /* SceneDelegate.swift */,
				843DF0C3293CCE9600BA49B6 /* Assets.xcassets */,
				843DF0C5293CCE9600BA49B6 /* LaunchScreen.storyboard */,
				843DF0C8293CCE9600BA49B6 /* Info.plist */,
			);
			path = TableViewMVVMC;
			sourceTree = "<group>";
		};
		843DF0D0293CCE9600BA49B6 /* TableViewMVVMCTests */ = {
			isa = PBXGroup;
			children = (
				843DF10F293CE88100BA49B6 /* Home */,
				843DF0D1293CCE9600BA49B6 /* TableViewMVVMCTests.swift */,
			);
			path = TableViewMVVMCTests;
			sourceTree = "<group>";
		};
		843DF0DA293CCE9600BA49B6 /* TableViewMVVMCUITests */ = {
			isa = PBXGroup;
			children = (
				843DF0DB293CCE9600BA49B6 /* TableViewMVVMCUITests.swift */,
				843DF0DD293CCE9600BA49B6 /* TableViewMVVMCUITestsLaunchTests.swift */,
			);
			path = TableViewMVVMCUITests;
			sourceTree = "<group>";
		};
		843DF0EA293CD08B00BA49B6 /* Coordinators */ = {
			isa = PBXGroup;
			children = (
				843DF0F9293CD28400BA49B6 /* MainCoordinator.swift */,
			);
			path = Coordinators;
			sourceTree = "<group>";
		};
		843DF0EB293CD09400BA49B6 /* Controllers */ = {
			isa = PBXGroup;
			children = (
				843DF107293CD3BD00BA49B6 /* HomeViewController.swift */,
			);
			path = Controllers;
			sourceTree = "<group>";
		};
		843DF0EC293CD09C00BA49B6 /* Views */ = {
			isa = PBXGroup;
			children = (
				843DF105293CD39100BA49B6 /* HomeView.swift */,
				843DF109293CDB5C00BA49B6 /* NewsCell.swift */,
			);
			path = Views;
			sourceTree = "<group>";
		};
		843DF0ED293CD0A300BA49B6 /* Models */ = {
			isa = PBXGroup;
			children = (
				843DF0FF293CD30D00BA49B6 /* NewsServiceError.swift */,
				843DF101293CD32E00BA49B6 /* NewsModel.swift */,
			);
			path = Models;
			sourceTree = "<group>";
		};
		843DF0EE293CD0B100BA49B6 /* Services */ = {
			isa = PBXGroup;
			children = (
				843DF0FB293CD2B900BA49B6 /* NewsService.swift */,
			);
			path = Services;
			sourceTree = "<group>";
		};
		843DF0EF293CD0BC00BA49B6 /* Protocols */ = {
			isa = PBXGroup;
			children = (
				843DF0F3293CD1E600BA49B6 /* ViewCodeProtocol.swift */,
				843DF0F5293CD21F00BA49B6 /* CoordinatorProtocol.swift */,
				843DF0F7293CD24A00BA49B6 /* NewsServiceProtocol.swift */,
			);
			path = Protocols;
			sourceTree = "<group>";
		};
		843DF0F0293CD0C300BA49B6 /* ViewModels */ = {
			isa = PBXGroup;
			children = (
				843DF103293CD36C00BA49B6 /* HomeViewModel.swift */,
				843DF10B293CDC5600BA49B6 /* PostViewModel.swift */,
			);
			path = ViewModels;
			sourceTree = "<group>";
		};
		843DF0F1293CD0FD00BA49B6 /* Constants */ = {
			isa = PBXGroup;
			children = (
				843DF0FD293CD2ED00BA49B6 /* HomeConstants.swift */,
			);
			path = Constants;
			sourceTree = "<group>";
		};
		843DF0F2293CD17B00BA49B6 /* Home */ = {
			isa = PBXGroup;
			children = (
				843DF0F0293CD0C300BA49B6 /* ViewModels */,
				843DF0EE293CD0B100BA49B6 /* Services */,
				843DF0ED293CD0A300BA49B6 /* Models */,
				843DF0EC293CD09C00BA49B6 /* Views */,
				843DF0EB293CD09400BA49B6 /* Controllers */,
			);
			path = Home;
			sourceTree = "<group>";
		};
		843DF10F293CE88100BA49B6 /* Home */ = {
			isa = PBXGroup;
			children = (
				843DF110293CE88800BA49B6 /* Services */,
			);
			path = Home;
			sourceTree = "<group>";
		};
		843DF110293CE88800BA49B6 /* Services */ = {
			isa = PBXGroup;
			children = (
				843DF10D293CE85F00BA49B6 /* NewsServiceTests.swift */,
				843DF111293CE8A200BA49B6 /* MockURLProtocol.swift */,
				843DF117293CE9E100BA49B6 /* NewsJsonMock.json */,
			);
			path = Services;
			sourceTree = "<group>";
		};
/* End PBXGroup section */

/* Begin PBXNativeTarget section */
		843DF0B6293CCE9400BA49B6 /* TableViewMVVMC */ = {
			isa = PBXNativeTarget;
			buildConfigurationList = 843DF0E1293CCE9600BA49B6 /* Build configuration list for PBXNativeTarget "TableViewMVVMC" */;
			buildPhases = (
				843DF0B3293CCE9400BA49B6 /* Sources */,
				843DF0B4293CCE9400BA49B6 /* Frameworks */,
				843DF0B5293CCE9400BA49B6 /* Resources */,
			);
			buildRules = (
			);
			dependencies = (
			);
			name = TableViewMVVMC;
			productName = TableViewMVVMC;
			productReference = 843DF0B7293CCE9400BA49B6 /* TableViewMVVMC.app */;
			productType = "com.apple.product-type.application";
		};
		843DF0CC293CCE9600BA49B6 /* TableViewMVVMCTests */ = {
			isa = PBXNativeTarget;
			buildConfigurationList = 843DF0E4293CCE9600BA49B6 /* Build configuration list for PBXNativeTarget "TableViewMVVMCTests" */;
			buildPhases = (
				843DF0C9293CCE9600BA49B6 /* Sources */,
				843DF0CA293CCE9600BA49B6 /* Frameworks */,
				843DF0CB293CCE9600BA49B6 /* Resources */,
			);
			buildRules = (
			);
			dependencies = (
				843DF0CF293CCE9600BA49B6 /* PBXTargetDependency */,
			);
			name = TableViewMVVMCTests;
			productName = TableViewMVVMCTests;
			productReference = 843DF0CD293CCE9600BA49B6 /* TableViewMVVMCTests.xctest */;
			productType = "com.apple.product-type.bundle.unit-test";
		};
		843DF0D6293CCE9600BA49B6 /* TableViewMVVMCUITests */ = {
			isa = PBXNativeTarget;
			buildConfigurationList = 843DF0E7293CCE9600BA49B6 /* Build configuration list for PBXNativeTarget "TableViewMVVMCUITests" */;
			buildPhases = (
				843DF0D3293CCE9600BA49B6 /* Sources */,
				843DF0D4293CCE9600BA49B6 /* Frameworks */,
				843DF0D5293CCE9600BA49B6 /* Resources */,
			);
			buildRules = (
			);
			dependencies = (
				843DF0D9293CCE9600BA49B6 /* PBXTargetDependency */,
			);
			name = TableViewMVVMCUITests;
			productName = TableViewMVVMCUITests;
			productReference = 843DF0D7293CCE9600BA49B6 /* TableViewMVVMCUITests.xctest */;
			productType = "com.apple.product-type.bundle.ui-testing";
		};
/* End PBXNativeTarget section */

/* Begin PBXProject section */
		843DF0AF293CCE9400BA49B6 /* Project object */ = {
			isa = PBXProject;
			attributes = {
				BuildIndependentTargetsInParallel = 1;
				LastSwiftUpdateCheck = 1320;
				LastUpgradeCheck = 1320;
				TargetAttributes = {
					843DF0B6293CCE9400BA49B6 = {
						CreatedOnToolsVersion = 13.2.1;
					};
					843DF0CC293CCE9600BA49B6 = {
						CreatedOnToolsVersion = 13.2.1;
						TestTargetID = 843DF0B6293CCE9400BA49B6;
					};
					843DF0D6293CCE9600BA49B6 = {
						CreatedOnToolsVersion = 13.2.1;
						TestTargetID = 843DF0B6293CCE9400BA49B6;
					};
				};
			};
			buildConfigurationList = 843DF0B2293CCE9400BA49B6 /* Build configuration list for PBXProject "TableViewMVVMC" */;
			compatibilityVersion = "Xcode 13.0";
			developmentRegion = en;
			hasScannedForEncodings = 0;
			knownRegions = (
				en,
				Base,
			);
			mainGroup = 843DF0AE293CCE9400BA49B6;
			productRefGroup = 843DF0B8293CCE9400BA49B6 /* Products */;
			projectDirPath = "";
			projectRoot = "";
			targets = (
				843DF0B6293CCE9400BA49B6 /* TableViewMVVMC */,
				843DF0CC293CCE9600BA49B6 /* TableViewMVVMCTests */,
				843DF0D6293CCE9600BA49B6 /* TableViewMVVMCUITests */,
			);
		};
/* End PBXProject section */

/* Begin PBXResourcesBuildPhase section */
		843DF0B5293CCE9400BA49B6 /* Resources */ = {
			isa = PBXResourcesBuildPhase;
			buildActionMask = 2147483647;
			files = (
				843DF0C7293CCE9600BA49B6 /* LaunchScreen.storyboard in Resources */,
				843DF0C4293CCE9600BA49B6 /* Assets.xcassets in Resources */,
				843DF119293CED8000BA49B6 /* NewsJsonMock.json in Resources */,
			);
			runOnlyForDeploymentPostprocessing = 0;
		};
		843DF0CB293CCE9600BA49B6 /* Resources */ = {
			isa = PBXResourcesBuildPhase;
			buildActionMask = 2147483647;
			files = (
				843DF118293CE9E100BA49B6 /* NewsJsonMock.json in Resources */,
			);
			runOnlyForDeploymentPostprocessing = 0;
		};
		843DF0D5293CCE9600BA49B6 /* Resources */ = {
			isa = PBXResourcesBuildPhase;
			buildActionMask = 2147483647;
			files = (
			);
			runOnlyForDeploymentPostprocessing = 0;
		};
/* End PBXResourcesBuildPhase section */

/* Begin PBXSourcesBuildPhase section */
		843DF0B3293CCE9400BA49B6 /* Sources */ = {
			isa = PBXSourcesBuildPhase;
			buildActionMask = 2147483647;
			files = (
				843DF0F8293CD24A00BA49B6 /* NewsServiceProtocol.swift in Sources */,
				843DF104293CD36C00BA49B6 /* HomeViewModel.swift in Sources */,
				843DF0FA293CD28400BA49B6 /* MainCoordinator.swift in Sources */,
				843DF0BB293CCE9400BA49B6 /* AppDelegate.swift in Sources */,
				843DF0FC293CD2B900BA49B6 /* NewsService.swift in Sources */,
				843DF102293CD32E00BA49B6 /* NewsModel.swift in Sources */,
				843DF0FE293CD2ED00BA49B6 /* HomeConstants.swift in Sources */,
				843DF10C293CDC5600BA49B6 /* PostViewModel.swift in Sources */,
				843DF0F4293CD1E600BA49B6 /* ViewCodeProtocol.swift in Sources */,
				843DF0F6293CD21F00BA49B6 /* CoordinatorProtocol.swift in Sources */,
				843DF106293CD39100BA49B6 /* HomeView.swift in Sources */,
				843DF10A293CDB5C00BA49B6 /* NewsCell.swift in Sources */,
				843DF100293CD30D00BA49B6 /* NewsServiceError.swift in Sources */,
				843DF108293CD3BD00BA49B6 /* HomeViewController.swift in Sources */,
				843DF0BD293CCE9400BA49B6 /* SceneDelegate.swift in Sources */,
			);
			runOnlyForDeploymentPostprocessing = 0;
		};
		843DF0C9293CCE9600BA49B6 /* Sources */ = {
			isa = PBXSourcesBuildPhase;
			buildActionMask = 2147483647;
			files = (
				843DF112293CE8A200BA49B6 /* MockURLProtocol.swift in Sources */,
				843DF10E293CE85F00BA49B6 /* NewsServiceTests.swift in Sources */,
				843DF0D2293CCE9600BA49B6 /* TableViewMVVMCTests.swift in Sources */,
			);
			runOnlyForDeploymentPostprocessing = 0;
		};
		843DF0D3293CCE9600BA49B6 /* Sources */ = {
			isa = PBXSourcesBuildPhase;
			buildActionMask = 2147483647;
			files = (
				843DF0DE293CCE9600BA49B6 /* TableViewMVVMCUITestsLaunchTests.swift in Sources */,
				843DF0DC293CCE9600BA49B6 /* TableViewMVVMCUITests.swift in Sources */,
			);
			runOnlyForDeploymentPostprocessing = 0;
		};
/* End PBXSourcesBuildPhase section */

/* Begin PBXTargetDependency section */
		843DF0CF293CCE9600BA49B6 /* PBXTargetDependency */ = {
			isa = PBXTargetDependency;
			target = 843DF0B6293CCE9400BA49B6 /* TableViewMVVMC */;
			targetProxy = 843DF0CE293CCE9600BA49B6 /* PBXContainerItemProxy */;
		};
		843DF0D9293CCE9600BA49B6 /* PBXTargetDependency */ = {
			isa = PBXTargetDependency;
			target = 843DF0B6293CCE9400BA49B6 /* TableViewMVVMC */;
			targetProxy = 843DF0D8293CCE9600BA49B6 /* PBXContainerItemProxy */;
		};
/* End PBXTargetDependency section */

/* Begin PBXVariantGroup section */
		843DF0C5293CCE9600BA49B6 /* LaunchScreen.storyboard */ = {
			isa = PBXVariantGroup;
			children = (
				843DF0C6293CCE9600BA49B6 /* Base */,
			);
			name = LaunchScreen.storyboard;
			sourceTree = "<group>";
		};
/* End PBXVariantGroup section */

/* Begin XCBuildConfiguration section */
		843DF0DF293CCE9600BA49B6 /* Debug */ = {
			isa = XCBuildConfiguration;
			buildSettings = {
				ALWAYS_SEARCH_USER_PATHS = NO;
				CLANG_ANALYZER_NONNULL = YES;
				CLANG_ANALYZER_NUMBER_OBJECT_CONVERSION = YES_AGGRESSIVE;
				CLANG_CXX_LANGUAGE_STANDARD = "gnu++17";
				CLANG_CXX_LIBRARY = "libc++";
				CLANG_ENABLE_MODULES = YES;
				CLANG_ENABLE_OBJC_ARC = YES;
				CLANG_ENABLE_OBJC_WEAK = YES;
				CLANG_WARN_BLOCK_CAPTURE_AUTORELEASING = YES;
				CLANG_WARN_BOOL_CONVERSION = YES;
				CLANG_WARN_COMMA = YES;
				CLANG_WARN_CONSTANT_CONVERSION = YES;
				CLANG_WARN_DEPRECATED_OBJC_IMPLEMENTATIONS = YES;
				CLANG_WARN_DIRECT_OBJC_ISA_USAGE = YES_ERROR;
				CLANG_WARN_DOCUMENTATION_COMMENTS = YES;
				CLANG_WARN_EMPTY_BODY = YES;
				CLANG_WARN_ENUM_CONVERSION = YES;
				CLANG_WARN_INFINITE_RECURSION = YES;
				CLANG_WARN_INT_CONVERSION = YES;
				CLANG_WARN_NON_LITERAL_NULL_CONVERSION = YES;
				CLANG_WARN_OBJC_IMPLICIT_RETAIN_SELF = YES;
				CLANG_WARN_OBJC_LITERAL_CONVERSION = YES;
				CLANG_WARN_OBJC_ROOT_CLASS = YES_ERROR;
				CLANG_WARN_QUOTED_INCLUDE_IN_FRAMEWORK_HEADER = YES;
				CLANG_WARN_RANGE_LOOP_ANALYSIS = YES;
				CLANG_WARN_STRICT_PROTOTYPES = YES;
				CLANG_WARN_SUSPICIOUS_MOVE = YES;
				CLANG_WARN_UNGUARDED_AVAILABILITY = YES_AGGRESSIVE;
				CLANG_WARN_UNREACHABLE_CODE = YES;
				CLANG_WARN__DUPLICATE_METHOD_MATCH = YES;
				COPY_PHASE_STRIP = NO;
				DEBUG_INFORMATION_FORMAT = dwarf;
				ENABLE_STRICT_OBJC_MSGSEND = YES;
				ENABLE_TESTABILITY = YES;
				GCC_C_LANGUAGE_STANDARD = gnu11;
				GCC_DYNAMIC_NO_PIC = NO;
				GCC_NO_COMMON_BLOCKS = YES;
				GCC_OPTIMIZATION_LEVEL = 0;
				GCC_PREPROCESSOR_DEFINITIONS = (
					"DEBUG=1",
					"$(inherited)",
				);
				GCC_WARN_64_TO_32_BIT_CONVERSION = YES;
				GCC_WARN_ABOUT_RETURN_TYPE = YES_ERROR;
				GCC_WARN_UNDECLARED_SELECTOR = YES;
				GCC_WARN_UNINITIALIZED_AUTOS = YES_AGGRESSIVE;
				GCC_WARN_UNUSED_FUNCTION = YES;
				GCC_WARN_UNUSED_VARIABLE = YES;
				IPHONEOS_DEPLOYMENT_TARGET = 15.2;
				MTL_ENABLE_DEBUG_INFO = INCLUDE_SOURCE;
				MTL_FAST_MATH = YES;
				ONLY_ACTIVE_ARCH = YES;
				SDKROOT = iphoneos;
				SWIFT_ACTIVE_COMPILATION_CONDITIONS = DEBUG;
				SWIFT_OPTIMIZATION_LEVEL = "-Onone";
			};
			name = Debug;
		};
		843DF0E0293CCE9600BA49B6 /* Release */ = {
			isa = XCBuildConfiguration;
			buildSettings = {
				ALWAYS_SEARCH_USER_PATHS = NO;
				CLANG_ANALYZER_NONNULL = YES;
				CLANG_ANALYZER_NUMBER_OBJECT_CONVERSION = YES_AGGRESSIVE;
				CLANG_CXX_LANGUAGE_STANDARD = "gnu++17";
				CLANG_CXX_LIBRARY = "libc++";
				CLANG_ENABLE_MODULES = YES;
				CLANG_ENABLE_OBJC_ARC = YES;
				CLANG_ENABLE_OBJC_WEAK = YES;
				CLANG_WARN_BLOCK_CAPTURE_AUTORELEASING = YES;
				CLANG_WARN_BOOL_CONVERSION = YES;
				CLANG_WARN_COMMA = YES;
				CLANG_WARN_CONSTANT_CONVERSION = YES;
				CLANG_WARN_DEPRECATED_OBJC_IMPLEMENTATIONS = YES;
				CLANG_WARN_DIRECT_OBJC_ISA_USAGE = YES_ERROR;
				CLANG_WARN_DOCUMENTATION_COMMENTS = YES;
				CLANG_WARN_EMPTY_BODY = YES;
				CLANG_WARN_ENUM_CONVERSION = YES;
				CLANG_WARN_INFINITE_RECURSION = YES;
				CLANG_WARN_INT_CONVERSION = YES;
				CLANG_WARN_NON_LITERAL_NULL_CONVERSION = YES;
				CLANG_WARN_OBJC_IMPLICIT_RETAIN_SELF = YES;
				CLANG_WARN_OBJC_LITERAL_CONVERSION = YES;
				CLANG_WARN_OBJC_ROOT_CLASS = YES_ERROR;
				CLANG_WARN_QUOTED_INCLUDE_IN_FRAMEWORK_HEADER = YES;
				CLANG_WARN_RANGE_LOOP_ANALYSIS = YES;
				CLANG_WARN_STRICT_PROTOTYPES = YES;
				CLANG_WARN_SUSPICIOUS_MOVE = YES;
				CLANG_WARN_UNGUARDED_AVAILABILITY = YES_AGGRESSIVE;
				CLANG_WARN_UNREACHABLE_CODE = YES;
				CLANG_WARN__DUPLICATE_METHOD_MATCH = YES;
				COPY_PHASE_STRIP = NO;
				DEBUG_INFORMATION_FORMAT = "dwarf-with-dsym";
				ENABLE_NS_ASSERTIONS = NO;
				ENABLE_STRICT_OBJC_MSGSEND = YES;
				GCC_C_LANGUAGE_STANDARD = gnu11;
				GCC_NO_COMMON_BLOCKS = YES;
				GCC_WARN_64_TO_32_BIT_CONVERSION = YES;
				GCC_WARN_ABOUT_RETURN_TYPE = YES_ERROR;
				GCC_WARN_UNDECLARED_SELECTOR = YES;
				GCC_WARN_UNINITIALIZED_AUTOS = YES_AGGRESSIVE;
				GCC_WARN_UNUSED_FUNCTION = YES;
				GCC_WARN_UNUSED_VARIABLE = YES;
				IPHONEOS_DEPLOYMENT_TARGET = 15.2;
				MTL_ENABLE_DEBUG_INFO = NO;
				MTL_FAST_MATH = YES;
				SDKROOT = iphoneos;
				SWIFT_COMPILATION_MODE = wholemodule;
				SWIFT_OPTIMIZATION_LEVEL = "-O";
				VALIDATE_PRODUCT = YES;
			};
			name = Release;
		};
		843DF0E2293CCE9600BA49B6 /* Debug */ = {
			isa = XCBuildConfiguration;
			buildSettings = {
				ASSETCATALOG_COMPILER_APPICON_NAME = AppIcon;
				ASSETCATALOG_COMPILER_GLOBAL_ACCENT_COLOR_NAME = AccentColor;
				CODE_SIGN_STYLE = Automatic;
				CURRENT_PROJECT_VERSION = 1;
				GENERATE_INFOPLIST_FILE = YES;
				INFOPLIST_FILE = TableViewMVVMC/Info.plist;
				INFOPLIST_KEY_UIApplicationSupportsIndirectInputEvents = YES;
				INFOPLIST_KEY_UILaunchStoryboardName = LaunchScreen;
				INFOPLIST_KEY_UISupportedInterfaceOrientations_iPad = "UIInterfaceOrientationPortrait UIInterfaceOrientationPortraitUpsideDown UIInterfaceOrientationLandscapeLeft UIInterfaceOrientationLandscapeRight";
				INFOPLIST_KEY_UISupportedInterfaceOrientations_iPhone = "UIInterfaceOrientationPortrait UIInterfaceOrientationLandscapeLeft UIInterfaceOrientationLandscapeRight";
				LD_RUNPATH_SEARCH_PATHS = (
					"$(inherited)",
					"@executable_path/Frameworks",
				);
				MARKETING_VERSION = 1.0;
				PRODUCT_BUNDLE_IDENTIFIER = Saulo.TableViewMVVMC;
				PRODUCT_NAME = "$(TARGET_NAME)";
				SWIFT_EMIT_LOC_STRINGS = YES;
				SWIFT_VERSION = 5.0;
				TARGETED_DEVICE_FAMILY = "1,2";
			};
			name = Debug;
		};
		843DF0E3293CCE9600BA49B6 /* Release */ = {
			isa = XCBuildConfiguration;
			buildSettings = {
				ASSETCATALOG_COMPILER_APPICON_NAME = AppIcon;
				ASSETCATALOG_COMPILER_GLOBAL_ACCENT_COLOR_NAME = AccentColor;
				CODE_SIGN_STYLE = Automatic;
				CURRENT_PROJECT_VERSION = 1;
				GENERATE_INFOPLIST_FILE = YES;
				INFOPLIST_FILE = TableViewMVVMC/Info.plist;
				INFOPLIST_KEY_UIApplicationSupportsIndirectInputEvents = YES;
				INFOPLIST_KEY_UILaunchStoryboardName = LaunchScreen;
				INFOPLIST_KEY_UISupportedInterfaceOrientations_iPad = "UIInterfaceOrientationPortrait UIInterfaceOrientationPortraitUpsideDown UIInterfaceOrientationLandscapeLeft UIInterfaceOrientationLandscapeRight";
				INFOPLIST_KEY_UISupportedInterfaceOrientations_iPhone = "UIInterfaceOrientationPortrait UIInterfaceOrientationLandscapeLeft UIInterfaceOrientationLandscapeRight";
				LD_RUNPATH_SEARCH_PATHS = (
					"$(inherited)",
					"@executable_path/Frameworks",
				);
				MARKETING_VERSION = 1.0;
				PRODUCT_BUNDLE_IDENTIFIER = Saulo.TableViewMVVMC;
				PRODUCT_NAME = "$(TARGET_NAME)";
				SWIFT_EMIT_LOC_STRINGS = YES;
				SWIFT_VERSION = 5.0;
				TARGETED_DEVICE_FAMILY = "1,2";
			};
			name = Release;
		};
		843DF0E5293CCE9600BA49B6 /* Debug */ = {
			isa = XCBuildConfiguration;
			buildSettings = {
				ALWAYS_EMBED_SWIFT_STANDARD_LIBRARIES = YES;
				BUNDLE_LOADER = "$(TEST_HOST)";
				CODE_SIGN_STYLE = Automatic;
				CURRENT_PROJECT_VERSION = 1;
				GENERATE_INFOPLIST_FILE = YES;
				IPHONEOS_DEPLOYMENT_TARGET = 15.2;
				MARKETING_VERSION = 1.0;
				PRODUCT_BUNDLE_IDENTIFIER = Saulo.TableViewMVVMCTests;
				PRODUCT_NAME = "$(TARGET_NAME)";
				SWIFT_EMIT_LOC_STRINGS = NO;
				SWIFT_VERSION = 5.0;
				TARGETED_DEVICE_FAMILY = "1,2";
				TEST_HOST = "$(BUILT_PRODUCTS_DIR)/TableViewMVVMC.app/TableViewMVVMC";
			};
			name = Debug;
		};
		843DF0E6293CCE9600BA49B6 /* Release */ = {
			isa = XCBuildConfiguration;
			buildSettings = {
				ALWAYS_EMBED_SWIFT_STANDARD_LIBRARIES = YES;
				BUNDLE_LOADER = "$(TEST_HOST)";
				CODE_SIGN_STYLE = Automatic;
				CURRENT_PROJECT_VERSION = 1;
				GENERATE_INFOPLIST_FILE = YES;
				IPHONEOS_DEPLOYMENT_TARGET = 15.2;
				MARKETING_VERSION = 1.0;
				PRODUCT_BUNDLE_IDENTIFIER = Saulo.TableViewMVVMCTests;
				PRODUCT_NAME = "$(TARGET_NAME)";
				SWIFT_EMIT_LOC_STRINGS = NO;
				SWIFT_VERSION = 5.0;
				TARGETED_DEVICE_FAMILY = "1,2";
				TEST_HOST = "$(BUILT_PRODUCTS_DIR)/TableViewMVVMC.app/TableViewMVVMC";
			};
			name = Release;
		};
		843DF0E8293CCE9600BA49B6 /* Debug */ = {
			isa = XCBuildConfiguration;
			buildSettings = {
				ALWAYS_EMBED_SWIFT_STANDARD_LIBRARIES = YES;
				CODE_SIGN_STYLE = Automatic;
				CURRENT_PROJECT_VERSION = 1;
				GENERATE_INFOPLIST_FILE = YES;
				MARKETING_VERSION = 1.0;
				PRODUCT_BUNDLE_IDENTIFIER = Saulo.TableViewMVVMCUITests;
				PRODUCT_NAME = "$(TARGET_NAME)";
				SWIFT_EMIT_LOC_STRINGS = NO;
				SWIFT_VERSION = 5.0;
				TARGETED_DEVICE_FAMILY = "1,2";
				TEST_TARGET_NAME = TableViewMVVMC;
			};
			name = Debug;
		};
		843DF0E9293CCE9600BA49B6 /* Release */ = {
			isa = XCBuildConfiguration;
			buildSettings = {
				ALWAYS_EMBED_SWIFT_STANDARD_LIBRARIES = YES;
				CODE_SIGN_STYLE = Automatic;
				CURRENT_PROJECT_VERSION = 1;
				GENERATE_INFOPLIST_FILE = YES;
				MARKETING_VERSION = 1.0;
				PRODUCT_BUNDLE_IDENTIFIER = Saulo.TableViewMVVMCUITests;
				PRODUCT_NAME = "$(TARGET_NAME)";
				SWIFT_EMIT_LOC_STRINGS = NO;
				SWIFT_VERSION = 5.0;
				TARGETED_DEVICE_FAMILY = "1,2";
				TEST_TARGET_NAME = TableViewMVVMC;
			};
			name = Release;
		};
/* End XCBuildConfiguration section */

/* Begin XCConfigurationList section */
		843DF0B2293CCE9400BA49B6 /* Build configuration list for PBXProject "TableViewMVVMC" */ = {
			isa = XCConfigurationList;
			buildConfigurations = (
				843DF0DF293CCE9600BA49B6 /* Debug */,
				843DF0E0293CCE9600BA49B6 /* Release */,
			);
			defaultConfigurationIsVisible = 0;
			defaultConfigurationName = Release;
		};
		843DF0E1293CCE9600BA49B6 /* Build configuration list for PBXNativeTarget "TableViewMVVMC" */ = {
			isa = XCConfigurationList;
			buildConfigurations = (
				843DF0E2293CCE9600BA49B6 /* Debug */,
				843DF0E3293CCE9600BA49B6 /* Release */,
			);
			defaultConfigurationIsVisible = 0;
			defaultConfigurationName = Release;
		};
		843DF0E4293CCE9600BA49B6 /* Build configuration list for PBXNativeTarget "TableViewMVVMCTests" */ = {
			isa = XCConfigurationList;
			buildConfigurations = (
				843DF0E5293CCE9600BA49B6 /* Debug */,
				843DF0E6293CCE9600BA49B6 /* Release */,
			);
			defaultConfigurationIsVisible = 0;
			defaultConfigurationName = Release;
		};
		843DF0E7293CCE9600BA49B6 /* Build configuration list for PBXNativeTarget "TableViewMVVMCUITests" */ = {
			isa = XCConfigurationList;
			buildConfigurations = (
				843DF0E8293CCE9600BA49B6 /* Debug */,
				843DF0E9293CCE9600BA49B6 /* Release */,
			);
			defaultConfigurationIsVisible = 0;
			defaultConfigurationName = Release;
		};
/* End XCConfigurationList section */
	};
	rootObject = 843DF0AF293CCE9400BA49B6 /* Project object */;
}
